<?xml version="1.0" encoding="UTF-8" standalone="yes" ?>
<CodeBlocks_project_file>
	<FileVersion major="1" minor="6" />
	<Project>
		<Option title="MythEngine" />
		<Option pch_mode="2" />
		<Option compiler="gcc" />
		<Build>
			<Target title="Debug">
				<Option output="bin/Debug/MythEngine" prefix_auto="1" extension_auto="1" />
				<Option object_output="obj/Debug/" />
				<Option type="1" />
				<Option compiler="gcc" />
				<Compiler>
					<Add option="-g" />
					<Add directory="src" />
				</Compiler>
			</Target>
			<Target title="Release">
				<Option output="bin/Release/MythEngine" prefix_auto="1" extension_auto="1" />
				<Option object_output="obj/Release/" />
				<Option type="1" />
				<Option compiler="gcc" />
				<Compiler>
					<Add option="-O2" />
					<Add directory="src" />
				</Compiler>
				<Linker>
					<Add option="-s" />
				</Linker>
			</Target>
		</Build>
		<Compiler>
			<Add option="-Wall" />
			<Add directory="include" />
		</Compiler>
		<Linker>
			<Add library="DragonEngine" />
			<Add library="TigerEngine" />
			<Add library="m3d" />
			<Add library="lua54" />
			<Add library="freetype" />
			<Add library="assimp.dll" />
			<Add library="glfw3" />
			<Add library="gdi32" />
			<Add library="opengl32" />
			<Add directory="lib" />
		</Linker>
		<Unit filename="src/CoreEngine.cpp" />
		<Unit filename="src/CoreEngine.h" />
		<Unit filename="src/EntityComponent.cpp" />
		<Unit filename="src/EntityComponent.h" />
		<Unit filename="src/Font.h" />
		<Unit filename="src/Material.cpp" />
		<Unit filename="src/Material.h" />
		<Unit filename="src/PhysicsEngine.cpp" />
		<Unit filename="src/PhysicsEngine.h" />
		<Unit filename="src/RenderingEngine.cpp" />
		<Unit filename="src/RenderingEngine.h" />
		<Unit filename="src/ResourceManager.cpp" />
		<Unit filename="src/ResourceManager.h">
			<Option compilerVar="CC" />
		</Unit>
		<Unit filename="src/SceneLoader.cpp" />
		<Unit filename="src/SceneLoader.h" />
		<Unit filename="src/ScriptEngine.cpp" />
		<Unit filename="src/ScriptEngine.h" />
		<Unit filename="src/Transform.h" />
		<Unit filename="src/components/AABBCollider.cpp" />
		<Unit filename="src/components/AABBCollider.h" />
		<Unit filename="src/components/CollisionComponent.h" />
		<Unit filename="src/components/MeshRenderer.cpp" />
		<Unit filename="src/components/MeshRenderer.h" />
		<Unit filename="src/components/RigidBody.cpp" />
		<Unit filename="src/components/RigidBody.h" />
		<Unit filename="src/components/ScriptComponent.cpp" />
		<Unit filename="src/components/ScriptComponent.h" />
		<Unit filename="src/components/SphereCollider.cpp" />
		<Unit filename="src/components/SphereCollider.h">
			<Option compilerVar="CC" />
		</Unit>
		<Unit filename="src/luaEX.cpp" />
		<Unit filename="src/luaEX.h" />
		<Unit filename="src/main.cpp" />
		<Unit filename="src/scriptFunctions/L_aabb.cpp" />
		<Unit filename="src/scriptFunctions/L_camera.cpp" />
		<Unit filename="src/scriptFunctions/L_entity.cpp" />
		<Unit filename="src/scriptFunctions/L_input.cpp" />
		<Unit filename="src/scriptFunctions/L_material.cpp" />
		<Unit filename="src/scriptFunctions/L_quat.cpp" />
		<Unit filename="src/scriptFunctions/L_rigidbody.cpp" />
		<Unit filename="src/scriptFunctions/L_sphere.cpp" />
		<Unit filename="src/scriptFunctions/L_transform.cpp" />
		<Unit filename="src/scriptFunctions/L_vec3.cpp" />
		<Unit filename="src/scriptFunctions/LuaScripts.h" />
		<Extensions />
	</Project>
</CodeBlocks_project_file>
